
Microsoft Visual Studio Solution File, Format Version 12.00
# Visual Studio Version 17
VisualStudioVersion = 17.0.31903.59
MinimumVisualStudioVersion = 10.0.40219.1
Project("{FAE04EC0-301F-11D3-BF4B-00C04F79EFBC}") = "ActivityTracker", "ActivityTracker\ActivityTracker.csproj", "{5D759967-1BEB-4860-9D15-5504B7359BA3}"
EndProject
Project("{FAE04EC0-301F-11D3-BF4B-00C04F79EFBC}") = "ActivityTracker.Tests", "ActivityTracker.Tests\ActivityTracker.Tests.csproj", "{C0541954-3E74-4D7D-A35C-73729833D4BF}"
EndProject
Global
	GlobalSection(SolutionConfigurationPlatforms) = preSolution
		Debug|Any CPU = Debug|Any CPU
		Debug|x64 = Debug|x64
		Debug|x86 = Debug|x86
		Release|Any CPU = Release|Any CPU
		Release|x64 = Release|x64
		Release|x86 = Release|x86
	EndGlobalSection
	GlobalSection(ProjectConfigurationPlatforms) = postSolution
		{5D759967-1BEB-4860-9D15-5504B7359BA3}.Debug|Any CPU.ActiveCfg = Debug|Any CPU
		{5D759967-1BEB-4860-9D15-5504B7359BA3}.Debug|Any CPU.Build.0 = Debug|Any CPU
		{5D759967-1BEB-4860-9D15-5504B7359BA3}.Debug|x64.ActiveCfg = Debug|Any CPU
		{5D759967-1BEB-4860-9D15-5504B7359BA3}.Debug|x64.Build.0 = Debug|Any CPU
		{5D759967-1BEB-4860-9D15-5504B7359BA3}.Debug|x86.ActiveCfg = Debug|Any CPU
		{5D759967-1BEB-4860-9D15-5504B7359BA3}.Debug|x86.Build.0 = Debug|Any CPU
		{5D759967-1BEB-4860-9D15-5504B7359BA3}.Release|Any CPU.ActiveCfg = Release|Any CPU
		{5D759967-1BEB-4860-9D15-5504B7359BA3}.Release|Any CPU.Build.0 = Release|Any CPU
		{5D759967-1BEB-4860-9D15-5504B7359BA3}.Release|x64.ActiveCfg = Release|Any CPU
		{5D759967-1BEB-4860-9D15-5504B7359BA3}.Release|x64.Build.0 = Release|Any CPU
		{5D759967-1BEB-4860-9D15-5504B7359BA3}.Release|x86.ActiveCfg = Release|Any CPU
		{5D759967-1BEB-4860-9D15-5504B7359BA3}.Release|x86.Build.0 = Release|Any CPU
		{C0541954-3E74-4D7D-A35C-73729833D4BF}.Debug|Any CPU.ActiveCfg = Debug|Any CPU
		{C0541954-3E74-4D7D-A35C-73729833D4BF}.Debug|Any CPU.Build.0 = Debug|Any CPU
		{C0541954-3E74-4D7D-A35C-73729833D4BF}.Debug|x64.ActiveCfg = Debug|Any CPU
		{C0541954-3E74-4D7D-A35C-73729833D4BF}.Debug|x64.Build.0 = Debug|Any CPU
		{C0541954-3E74-4D7D-A35C-73729833D4BF}.Debug|x86.ActiveCfg = Debug|Any CPU
		{C0541954-3E74-4D7D-A35C-73729833D4BF}.Debug|x86.Build.0 = Debug|Any CPU
		{C0541954-3E74-4D7D-A35C-73729833D4BF}.Release|Any CPU.ActiveCfg = Release|Any CPU
		{C0541954-3E74-4D7D-A35C-73729833D4BF}.Release|Any CPU.Build.0 = Release|Any CPU
		{C0541954-3E74-4D7D-A35C-73729833D4BF}.Release|x64.ActiveCfg = Release|Any CPU
		{C0541954-3E74-4D7D-A35C-73729833D4BF}.Release|x64.Build.0 = Release|Any CPU
		{C0541954-3E74-4D7D-A35C-73729833D4BF}.Release|x86.ActiveCfg = Release|Any CPU
		{C0541954-3E74-4D7D-A35C-73729833D4BF}.Release|x86.Build.0 = Release|Any CPU
	EndGlobalSection
	GlobalSection(SolutionProperties) = preSolution
		HideSolutionNode = FALSE
	EndGlobalSection
EndGlobal
